
Microsoft Visual Studio Solution File, Format Version 12.00
# Visual Studio Version 16
VisualStudioVersion = 16.0.29326.143
MinimumVisualStudioVersion = 10.0.40219.1
Project("{FAE04EC0-301F-11D3-BF4B-00C04F79EFBC}") = "GlobomanticsShop", "GlobomanticsShop\GlobomanticsShop.csproj", "{6E651BD3-0B16-4176-BE4B-B896A240D12D}"
EndProject
Global
	GlobalSection(SolutionConfigurationPlatforms) = preSolution
		Debug|Any CPU = Debug|Any CPU
		Live|Any CPU = Live|Any CPU
		Release|Any CPU = Release|Any CPU
		Staging|Any CPU = Staging|Any CPU
	EndGlobalSection
	GlobalSection(ProjectConfigurationPlatforms) = postSolution
		{6E651BD3-0B16-4176-BE4B-B896A240D12D}.Debug|Any CPU.ActiveCfg = Debug|Any CPU
		{6E651BD3-0B16-4176-BE4B-B896A240D12D}.Debug|Any CPU.Build.0 = Debug|Any CPU
		{6E651BD3-0B16-4176-BE4B-B896A240D12D}.Live|Any CPU.ActiveCfg = Release|Any CPU
		{6E651BD3-0B16-4176-BE4B-B896A240D12D}.Live|Any CPU.Build.0 = Release|Any CPU
		{6E651BD3-0B16-4176-BE4B-B896A240D12D}.Release|Any CPU.ActiveCfg = Release|Any CPU
		{6E651BD3-0B16-4176-BE4B-B896A240D12D}.Release|Any CPU.Build.0 = Release|Any CPU
		{6E651BD3-0B16-4176-BE4B-B896A240D12D}.Staging|Any CPU.ActiveCfg = Release|Any CPU
		{6E651BD3-0B16-4176-BE4B-B896A240D12D}.Staging|Any CPU.Build.0 = Release|Any CPU
	EndGlobalSection
	GlobalSection(SolutionProperties) = preSolution
		HideSolutionNode = FALSE
	EndGlobalSection
	GlobalSection(ExtensibilityGlobals) = postSolution
		SolutionGuid = {72C4A2CE-3BC3-4B74-9396-E8D31AF453F6}
	EndGlobalSection
EndGlobal
