
Microsoft Visual Studio Solution File, Format Version 12.00
# Visual Studio Version 16
VisualStudioVersion = 16.0.29326.143
MinimumVisualStudioVersion = 10.0.40219.1
Project("{FAE04EC0-301F-11D3-BF4B-00C04F79EFBC}") = "GlobomanticsShop.Api", "GlobomanticsShop.Api\GlobomanticsShop.Api.csproj", "{68118DA5-FA12-4D38-8D85-E68C30C91ABB}"
EndProject
Global
	GlobalSection(SolutionConfigurationPlatforms) = preSolution
		Debug|Any CPU = Debug|Any CPU
		Release|Any CPU = Release|Any CPU
	EndGlobalSection
	GlobalSection(ProjectConfigurationPlatforms) = postSolution
		{68118DA5-FA12-4D38-8D85-E68C30C91ABB}.Debug|Any CPU.ActiveCfg = Debug|Any CPU
		{68118DA5-FA12-4D38-8D85-E68C30C91ABB}.Debug|Any CPU.Build.0 = Debug|Any CPU
		{68118DA5-FA12-4D38-8D85-E68C30C91ABB}.Release|Any CPU.ActiveCfg = Release|Any CPU
		{68118DA5-FA12-4D38-8D85-E68C30C91ABB}.Release|Any CPU.Build.0 = Release|Any CPU
	EndGlobalSection
	GlobalSection(SolutionProperties) = preSolution
		HideSolutionNode = FALSE
	EndGlobalSection
	GlobalSection(ExtensibilityGlobals) = postSolution
		SolutionGuid = {72C4A2CE-3BC3-4B74-9396-E8D31AF453F6}
	EndGlobalSection
EndGlobal
